
Microsoft Visual Studio Solution File, Format Version 12.00
# Visual Studio Version 17
VisualStudioVersion = 17.3.32825.248
MinimumVisualStudioVersion = 10.0.40219.1
Project("{FAE04EC0-301F-11D3-BF4B-00C04F79EFBC}") = "OOPLab2", "OOPLab2\OOPLab2.csproj", "{F1255DE7-670B-46F7-AE60-0FF743734E6C}"
EndProject
Global
	GlobalSection(SolutionConfigurationPlatforms) = preSolution
		Debug|Any CPU = Debug|Any CPU
		Release|Any CPU = Release|Any CPU
	EndGlobalSection
	GlobalSection(ProjectConfigurationPlatforms) = postSolution
		{F1255DE7-670B-46F7-AE60-0FF743734E6C}.Debug|Any CPU.ActiveCfg = Debug|Any CPU
		{F1255DE7-670B-46F7-AE60-0FF743734E6C}.Debug|Any CPU.Build.0 = Debug|Any CPU
		{F1255DE7-670B-46F7-AE60-0FF743734E6C}.Release|Any CPU.ActiveCfg = Release|Any CPU
		{F1255DE7-670B-46F7-AE60-0FF743734E6C}.Release|Any CPU.Build.0 = Release|Any CPU
	EndGlobalSection
	GlobalSection(SolutionProperties) = preSolution
		HideSolutionNode = FALSE
	EndGlobalSection
	GlobalSection(ExtensibilityGlobals) = postSolution
		SolutionGuid = {D9ED2D46-8BC7-45B6-849E-DDBEA32B3A9B}
	EndGlobalSection
EndGlobal
